
Microsoft Visual Studio Solution File, Format Version 12.00
# Visual Studio Version 17
VisualStudioVersion = 17.5.002.0
MinimumVisualStudioVersion = 10.0.40219.1
Project("{9A19103F-16F7-4668-BE54-9A1E7A4F7556}") = "playwrightTests", "playwrightTests\playwrightTests.csproj", "{ED13CB90-5E01-4F71-816E-FB5F013ED6D2}"
EndProject
Project("{FAE04EC0-301F-11D3-BF4B-00C04F79EFBC}") = "Pages", "Pages\Pages.csproj", "{1875C877-497B-4831-A72A-7040AE055809}"
EndProject
Global
	GlobalSection(SolutionConfigurationPlatforms) = preSolution
		Debug|Any CPU = Debug|Any CPU
		Release|Any CPU = Release|Any CPU
	EndGlobalSection
	GlobalSection(ProjectConfigurationPlatforms) = postSolution
		{ED13CB90-5E01-4F71-816E-FB5F013ED6D2}.Debug|Any CPU.ActiveCfg = Debug|Any CPU
		{ED13CB90-5E01-4F71-816E-FB5F013ED6D2}.Debug|Any CPU.Build.0 = Debug|Any CPU
		{ED13CB90-5E01-4F71-816E-FB5F013ED6D2}.Release|Any CPU.ActiveCfg = Release|Any CPU
		{ED13CB90-5E01-4F71-816E-FB5F013ED6D2}.Release|Any CPU.Build.0 = Release|Any CPU
		{1875C877-497B-4831-A72A-7040AE055809}.Debug|Any CPU.ActiveCfg = Debug|Any CPU
		{1875C877-497B-4831-A72A-7040AE055809}.Debug|Any CPU.Build.0 = Debug|Any CPU
		{1875C877-497B-4831-A72A-7040AE055809}.Release|Any CPU.ActiveCfg = Release|Any CPU
		{1875C877-497B-4831-A72A-7040AE055809}.Release|Any CPU.Build.0 = Release|Any CPU
	EndGlobalSection
	GlobalSection(SolutionProperties) = preSolution
		HideSolutionNode = FALSE
	EndGlobalSection
	GlobalSection(ExtensibilityGlobals) = postSolution
		SolutionGuid = {6E1FBB4F-2059-48B2-ADF0-AEB8625660AE}
	EndGlobalSection
EndGlobal
